
Microsoft Visual Studio Solution File, Format Version 12.00
# Visual Studio Version 16
VisualStudioVersion = 16.0.30907.101
MinimumVisualStudioVersion = 10.0.40219.1
Project("{FAE04EC0-301F-11D3-BF4B-00C04F79EFBC}") = "Exercise 3", "Exercise 3\Exercise 3.csproj", "{28B570C1-12BF-4F52-B66A-6A2FCE86AADF}"
EndProject
Global
	GlobalSection(SolutionConfigurationPlatforms) = preSolution
		Debug|Any CPU = Debug|Any CPU
		Release|Any CPU = Release|Any CPU
	EndGlobalSection
	GlobalSection(ProjectConfigurationPlatforms) = postSolution
		{28B570C1-12BF-4F52-B66A-6A2FCE86AADF}.Debug|Any CPU.ActiveCfg = Debug|Any CPU
		{28B570C1-12BF-4F52-B66A-6A2FCE86AADF}.Debug|Any CPU.Build.0 = Debug|Any CPU
		{28B570C1-12BF-4F52-B66A-6A2FCE86AADF}.Release|Any CPU.ActiveCfg = Release|Any CPU
		{28B570C1-12BF-4F52-B66A-6A2FCE86AADF}.Release|Any CPU.Build.0 = Release|Any CPU
	EndGlobalSection
	GlobalSection(SolutionProperties) = preSolution
		HideSolutionNode = FALSE
	EndGlobalSection
	GlobalSection(ExtensibilityGlobals) = postSolution
		SolutionGuid = {00BED0FF-A67F-445D-8D48-96F87BADFC64}
	EndGlobalSection
EndGlobal
